
Microsoft Visual Studio Solution File, Format Version 12.00
# Visual Studio 15
VisualStudioVersion = 15.0.28307.136
MinimumVisualStudioVersion = 10.0.40219.1
Project("{FAE04EC0-301F-11D3-BF4B-00C04F79EFBC}") = "SocketClient", "SocketClient\SocketClient.csproj", "{BF844975-3B1F-42DB-BB2C-7B813307F9F5}"
EndProject
Global
	GlobalSection(SolutionConfigurationPlatforms) = preSolution
		Debug|Any CPU = Debug|Any CPU
		Release|Any CPU = Release|Any CPU
	EndGlobalSection
	GlobalSection(ProjectConfigurationPlatforms) = postSolution
		{BF844975-3B1F-42DB-BB2C-7B813307F9F5}.Debug|Any CPU.ActiveCfg = Debug|Any CPU
		{BF844975-3B1F-42DB-BB2C-7B813307F9F5}.Debug|Any CPU.Build.0 = Debug|Any CPU
		{BF844975-3B1F-42DB-BB2C-7B813307F9F5}.Release|Any CPU.ActiveCfg = Release|Any CPU
		{BF844975-3B1F-42DB-BB2C-7B813307F9F5}.Release|Any CPU.Build.0 = Release|Any CPU
	EndGlobalSection
	GlobalSection(SolutionProperties) = preSolution
		HideSolutionNode = FALSE
	EndGlobalSection
	GlobalSection(ExtensibilityGlobals) = postSolution
		SolutionGuid = {98918D46-68C3-430E-931B-07B14B9BD540}
	EndGlobalSection
EndGlobal
